// !$*UTF8*$!
{
	archiveVersion = 1;
	classes = {
	};
	objectVersion = 55;
	objects = {

/* Begin PBXBuildFile section */
		E14588C9A36D8EAD259DD21A /* Pods_TatvasoftPracticalTest.framework in Frameworks */ = {isa = PBXBuildFile; fileRef = 270BFDC6EF4E9FEA74E76BB4 /* Pods_TatvasoftPracticalTest.framework */; };
		FC344BD4281508F400244A3B /* AppDelegate.swift in Sources */ = {isa = PBXBuildFile; fileRef = FC344BD3281508F400244A3B /* AppDelegate.swift */; };
		FC344BD6281508F400244A3B /* SceneDelegate.swift in Sources */ = {isa = PBXBuildFile; fileRef = FC344BD5281508F400244A3B /* SceneDelegate.swift */; };
		FC344BD8281508F400244A3B /* ViewController.swift in Sources */ = {isa = PBXBuildFile; fileRef = FC344BD7281508F400244A3B /* ViewController.swift */; };
		FC344BDB281508F400244A3B /* Main.storyboard in Resources */ = {isa = PBXBuildFile; fileRef = FC344BD9281508F400244A3B /* Main.storyboard */; };
		FC344BDD281508F600244A3B /* Assets.xcassets in Resources */ = {isa = PBXBuildFile; fileRef = FC344BDC281508F600244A3B /* Assets.xcassets */; };
		FC344BE0281508F600244A3B /* LaunchScreen.storyboard in Resources */ = {isa = PBXBuildFile; fileRef = FC344BDE281508F600244A3B /* LaunchScreen.storyboard */; };
		FC344BEE28150DDD00244A3B /* userCell.swift in Sources */ = {isa = PBXBuildFile; fileRef = FC344BED28150DDD00244A3B /* userCell.swift */; };
		FC344BF028150ED300244A3B /* userItemCell.swift in Sources */ = {isa = PBXBuildFile; fileRef = FC344BEF28150ED300244A3B /* userItemCell.swift */; };
		FC344BF3281510EA00244A3B /* UIViewExtension.swift in Sources */ = {isa = PBXBuildFile; fileRef = FC344BF2281510EA00244A3B /* UIViewExtension.swift */; };
		FC344BF5281519CF00244A3B /* User.swift in Sources */ = {isa = PBXBuildFile; fileRef = FC344BF4281519CF00244A3B /* User.swift */; };
		FC344BF728151A1500244A3B /* UserData.swift in Sources */ = {isa = PBXBuildFile; fileRef = FC344BF628151A1500244A3B /* UserData.swift */; };
		FC344BFB28151B6400244A3B /* ApiManager.swift in Sources */ = {isa = PBXBuildFile; fileRef = FC344BFA28151B6400244A3B /* ApiManager.swift */; };
		FC344BFD2815205C00244A3B /* Utility.swift in Sources */ = {isa = PBXBuildFile; fileRef = FC344BFC2815205C00244A3B /* Utility.swift */; };
/* End PBXBuildFile section */

/* Begin PBXFileReference section */
		0FFA20A71710EF08B3D3F3A5 /* Pods-TatvasoftPracticalTest.debug.xcconfig */ = {isa = PBXFileReference; includeInIndex = 1; lastKnownFileType = text.xcconfig; name = "Pods-TatvasoftPracticalTest.debug.xcconfig"; path = "Target Support Files/Pods-TatvasoftPracticalTest/Pods-TatvasoftPracticalTest.debug.xcconfig"; sourceTree = "<group>"; };
		1E24702F4FE44315544F55BA /* Pods-TatvasoftPracticalTest.release.xcconfig */ = {isa = PBXFileReference; includeInIndex = 1; lastKnownFileType = text.xcconfig; name = "Pods-TatvasoftPracticalTest.release.xcconfig"; path = "Target Support Files/Pods-TatvasoftPracticalTest/Pods-TatvasoftPracticalTest.release.xcconfig"; sourceTree = "<group>"; };
		270BFDC6EF4E9FEA74E76BB4 /* Pods_TatvasoftPracticalTest.framework */ = {isa = PBXFileReference; explicitFileType = wrapper.framework; includeInIndex = 0; path = Pods_TatvasoftPracticalTest.framework; sourceTree = BUILT_PRODUCTS_DIR; };
		FC344BD0281508F400244A3B /* TatvasoftPracticalTest.app */ = {isa = PBXFileReference; explicitFileType = wrapper.application; includeInIndex = 0; path = TatvasoftPracticalTest.app; sourceTree = BUILT_PRODUCTS_DIR; };
		FC344BD3281508F400244A3B /* AppDelegate.swift */ = {isa = PBXFileReference; lastKnownFileType = sourcecode.swift; path = AppDelegate.swift; sourceTree = "<group>"; };
		FC344BD5281508F400244A3B /* SceneDelegate.swift */ = {isa = PBXFileReference; lastKnownFileType = sourcecode.swift; path = SceneDelegate.swift; sourceTree = "<group>"; };
		FC344BD7281508F400244A3B /* ViewController.swift */ = {isa = PBXFileReference; lastKnownFileType = sourcecode.swift; path = ViewController.swift; sourceTree = "<group>"; };
		FC344BDA281508F400244A3B /* Base */ = {isa = PBXFileReference; lastKnownFileType = file.storyboard; name = Base; path = Base.lproj/Main.storyboard; sourceTree = "<group>"; };
		FC344BDC281508F600244A3B /* Assets.xcassets */ = {isa = PBXFileReference; lastKnownFileType = folder.assetcatalog; path = Assets.xcassets; sourceTree = "<group>"; };
		FC344BDF281508F600244A3B /* Base */ = {isa = PBXFileReference; lastKnownFileType = file.storyboard; name = Base; path = Base.lproj/LaunchScreen.storyboard; sourceTree = "<group>"; };
		FC344BE1281508F600244A3B /* Info.plist */ = {isa = PBXFileReference; lastKnownFileType = text.plist.xml; path = Info.plist; sourceTree = "<group>"; };
		FC344BED28150DDD00244A3B /* userCell.swift */ = {isa = PBXFileReference; lastKnownFileType = sourcecode.swift; path = userCell.swift; sourceTree = "<group>"; };
		FC344BEF28150ED300244A3B /* userItemCell.swift */ = {isa = PBXFileReference; lastKnownFileType = sourcecode.swift; path = userItemCell.swift; sourceTree = "<group>"; };
		FC344BF2281510EA00244A3B /* UIViewExtension.swift */ = {isa = PBXFileReference; lastKnownFileType = sourcecode.swift; path = UIViewExtension.swift; sourceTree = "<group>"; };
		FC344BF4281519CF00244A3B /* User.swift */ = {isa = PBXFileReference; lastKnownFileType = sourcecode.swift; path = User.swift; sourceTree = "<group>"; };
		FC344BF628151A1500244A3B /* UserData.swift */ = {isa = PBXFileReference; lastKnownFileType = sourcecode.swift; path = UserData.swift; sourceTree = "<group>"; };
		FC344BFA28151B6400244A3B /* ApiManager.swift */ = {isa = PBXFileReference; lastKnownFileType = sourcecode.swift; path = ApiManager.swift; sourceTree = "<group>"; };
		FC344BFC2815205C00244A3B /* Utility.swift */ = {isa = PBXFileReference; lastKnownFileType = sourcecode.swift; path = Utility.swift; sourceTree = "<group>"; };
/* End PBXFileReference section */

/* Begin PBXFrameworksBuildPhase section */
		FC344BCD281508F400244A3B /* Frameworks */ = {
			isa = PBXFrameworksBuildPhase;
			buildActionMask = 2147483647;
			files = (
				E14588C9A36D8EAD259DD21A /* Pods_TatvasoftPracticalTest.framework in Frameworks */,
			);
			runOnlyForDeploymentPostprocessing = 0;
		};
/* End PBXFrameworksBuildPhase section */

/* Begin PBXGroup section */
		002008833C42B10AF69CE16B /* Pods */ = {
			isa = PBXGroup;
			children = (
				0FFA20A71710EF08B3D3F3A5 /* Pods-TatvasoftPracticalTest.debug.xcconfig */,
				1E24702F4FE44315544F55BA /* Pods-TatvasoftPracticalTest.release.xcconfig */,
			);
			path = Pods;
			sourceTree = "<group>";
		};
		11BA41E194ED8AF163004ED5 /* Frameworks */ = {
			isa = PBXGroup;
			children = (
				270BFDC6EF4E9FEA74E76BB4 /* Pods_TatvasoftPracticalTest.framework */,
			);
			name = Frameworks;
			sourceTree = "<group>";
		};
		FC344BC7281508F400244A3B = {
			isa = PBXGroup;
			children = (
				FC344BD2281508F400244A3B /* TatvasoftPracticalTest */,
				FC344BD1281508F400244A3B /* Products */,
				002008833C42B10AF69CE16B /* Pods */,
				11BA41E194ED8AF163004ED5 /* Frameworks */,
			);
			sourceTree = "<group>";
		};
		FC344BD1281508F400244A3B /* Products */ = {
			isa = PBXGroup;
			children = (
				FC344BD0281508F400244A3B /* TatvasoftPracticalTest.app */,
			);
			name = Products;
			sourceTree = "<group>";
		};
		FC344BD2281508F400244A3B /* TatvasoftPracticalTest */ = {
			isa = PBXGroup;
			children = (
				FC344BF1281510BB00244A3B /* Others */,
				FC344BEA28150BB200244A3B /* View */,
				FC344BE928150BAB00244A3B /* Controller */,
				FC344BE828150BA400244A3B /* ViewModel */,
				FC344BE728150B9D00244A3B /* Model */,
				FC344BD3281508F400244A3B /* AppDelegate.swift */,
				FC344BD5281508F400244A3B /* SceneDelegate.swift */,
				FC344BDC281508F600244A3B /* Assets.xcassets */,
				FC344BDE281508F600244A3B /* LaunchScreen.storyboard */,
				FC344BE1281508F600244A3B /* Info.plist */,
			);
			path = TatvasoftPracticalTest;
			sourceTree = "<group>";
		};
		FC344BE728150B9D00244A3B /* Model */ = {
			isa = PBXGroup;
			children = (
				FC344BF4281519CF00244A3B /* User.swift */,
				FC344BF628151A1500244A3B /* UserData.swift */,
			);
			path = Model;
			sourceTree = "<group>";
		};
		FC344BE828150BA400244A3B /* ViewModel */ = {
			isa = PBXGroup;
			children = (
			);
			path = ViewModel;
			sourceTree = "<group>";
		};
		FC344BE928150BAB00244A3B /* Controller */ = {
			isa = PBXGroup;
			children = (
				FC344BEC28150D9200244A3B /* Cell */,
				FC344BD7281508F400244A3B /* ViewController.swift */,
			);
			path = Controller;
			sourceTree = "<group>";
		};
		FC344BEA28150BB200244A3B /* View */ = {
			isa = PBXGroup;
			children = (
				FC344BD9281508F400244A3B /* Main.storyboard */,
			);
			path = View;
			sourceTree = "<group>";
		};
		FC344BEC28150D9200244A3B /* Cell */ = {
			isa = PBXGroup;
			children = (
				FC344BED28150DDD00244A3B /* userCell.swift */,
				FC344BEF28150ED300244A3B /* userItemCell.swift */,
			);
			path = Cell;
			sourceTree = "<group>";
		};
		FC344BF1281510BB00244A3B /* Others */ = {
			isa = PBXGroup;
			children = (
				FC344BF928151B4800244A3B /* Extensions */,
				FC344BF828151B3C00244A3B /* APIManager */,
				FC344BFC2815205C00244A3B /* Utility.swift */,
			);
			path = Others;
			sourceTree = "<group>";
		};
		FC344BF828151B3C00244A3B /* APIManager */ = {
			isa = PBXGroup;
			children = (
				FC344BFA28151B6400244A3B /* ApiManager.swift */,
			);
			path = APIManager;
			sourceTree = "<group>";
		};
		FC344BF928151B4800244A3B /* Extensions */ = {
			isa = PBXGroup;
			children = (
				FC344BF2281510EA00244A3B /* UIViewExtension.swift */,
			);
			path = Extensions;
			sourceTree = "<group>";
		};
/* End PBXGroup section */

/* Begin PBXNativeTarget section */
		FC344BCF281508F400244A3B /* TatvasoftPracticalTest */ = {
			isa = PBXNativeTarget;
			buildConfigurationList = FC344BE4281508F600244A3B /* Build configuration list for PBXNativeTarget "TatvasoftPracticalTest" */;
			buildPhases = (
				270BD28583BC84B59CC92D70 /* [CP] Check Pods Manifest.lock */,
				FC344BCC281508F400244A3B /* Sources */,
				FC344BCD281508F400244A3B /* Frameworks */,
				FC344BCE281508F400244A3B /* Resources */,
				090A239A05219162E35AFFA3 /* [CP] Embed Pods Frameworks */,
			);
			buildRules = (
			);
			dependencies = (
			);
			name = TatvasoftPracticalTest;
			productName = TatvasoftPracticalTest;
			productReference = FC344BD0281508F400244A3B /* TatvasoftPracticalTest.app */;
			productType = "com.apple.product-type.application";
		};
/* End PBXNativeTarget section */

/* Begin PBXProject section */
		FC344BC8281508F400244A3B /* Project object */ = {
			isa = PBXProject;
			attributes = {
				BuildIndependentTargetsInParallel = 1;
				LastSwiftUpdateCheck = 1330;
				LastUpgradeCheck = 1330;
				TargetAttributes = {
					FC344BCF281508F400244A3B = {
						CreatedOnToolsVersion = 13.3;
					};
				};
			};
			buildConfigurationList = FC344BCB281508F400244A3B /* Build configuration list for PBXProject "TatvasoftPracticalTest" */;
			compatibilityVersion = "Xcode 13.0";
			developmentRegion = en;
			hasScannedForEncodings = 0;
			knownRegions = (
				en,
				Base,
			);
			mainGroup = FC344BC7281508F400244A3B;
			productRefGroup = FC344BD1281508F400244A3B /* Products */;
			projectDirPath = "";
			projectRoot = "";
			targets = (
				FC344BCF281508F400244A3B /* TatvasoftPracticalTest */,
			);
		};
/* End PBXProject section */

/* Begin PBXResourcesBuildPhase section */
		FC344BCE281508F400244A3B /* Resources */ = {
			isa = PBXResourcesBuildPhase;
			buildActionMask = 2147483647;
			files = (
				FC344BE0281508F600244A3B /* LaunchScreen.storyboard in Resources */,
				FC344BDD281508F600244A3B /* Assets.xcassets in Resources */,
				FC344BDB281508F400244A3B /* Main.storyboard in Resources */,
			);
			runOnlyForDeploymentPostprocessing = 0;
		};
/* End PBXResourcesBuildPhase section */

/* Begin PBXShellScriptBuildPhase section */
		090A239A05219162E35AFFA3 /* [CP] Embed Pods Frameworks */ = {
			isa = PBXShellScriptBuildPhase;
			buildActionMask = 2147483647;
			files = (
			);
			inputFileListPaths = (
				"${PODS_ROOT}/Target Support Files/Pods-TatvasoftPracticalTest/Pods-TatvasoftPracticalTest-frameworks-${CONFIGURATION}-input-files.xcfilelist",
			);
			name = "[CP] Embed Pods Frameworks";
			outputFileListPaths = (
				"${PODS_ROOT}/Target Support Files/Pods-TatvasoftPracticalTest/Pods-TatvasoftPracticalTest-frameworks-${CONFIGURATION}-output-files.xcfilelist",
			);
			runOnlyForDeploymentPostprocessing = 0;
			shellPath = /bin/sh;
			shellScript = "\"${PODS_ROOT}/Target Support Files/Pods-TatvasoftPracticalTest/Pods-TatvasoftPracticalTest-frameworks.sh\"\n";
			showEnvVarsInLog = 0;
		};
		270BD28583BC84B59CC92D70 /* [CP] Check Pods Manifest.lock */ = {
			isa = PBXShellScriptBuildPhase;
			buildActionMask = 2147483647;
			files = (
			);
			inputFileListPaths = (
			);
			inputPaths = (
				"${PODS_PODFILE_DIR_PATH}/Podfile.lock",
				"${PODS_ROOT}/Manifest.lock",
			);
			name = "[CP] Check Pods Manifest.lock";
			outputFileListPaths = (
			);
			outputPaths = (
				"$(DERIVED_FILE_DIR)/Pods-TatvasoftPracticalTest-checkManifestLockResult.txt",
			);
			runOnlyForDeploymentPostprocessing = 0;
			shellPath = /bin/sh;
			shellScript = "diff \"${PODS_PODFILE_DIR_PATH}/Podfile.lock\" \"${PODS_ROOT}/Manifest.lock\" > /dev/null\nif [ $? != 0 ] ; then\n    # print error to STDERR\n    echo \"error: The sandbox is not in sync with the Podfile.lock. Run 'pod install' or update your CocoaPods installation.\" >&2\n    exit 1\nfi\n# This output is used by Xcode 'outputs' to avoid re-running this script phase.\necho \"SUCCESS\" > \"${SCRIPT_OUTPUT_FILE_0}\"\n";
			showEnvVarsInLog = 0;
		};
/* End PBXShellScriptBuildPhase section */

/* Begin PBXSourcesBuildPhase section */
		FC344BCC281508F400244A3B /* Sources */ = {
			isa = PBXSourcesBuildPhase;
			buildActionMask = 2147483647;
			files = (
				FC344BF3281510EA00244A3B /* UIViewExtension.swift in Sources */,
				FC344BFB28151B6400244A3B /* ApiManager.swift in Sources */,
				FC344BEE28150DDD00244A3B /* userCell.swift in Sources */,
				FC344BF728151A1500244A3B /* UserData.swift in Sources */,
				FC344BD8281508F400244A3B /* ViewController.swift in Sources */,
				FC344BD4281508F400244A3B /* AppDelegate.swift in Sources */,
				FC344BF028150ED300244A3B /* userItemCell.swift in Sources */,
				FC344BD6281508F400244A3B /* SceneDelegate.swift in Sources */,
				FC344BFD2815205C00244A3B /* Utility.swift in Sources */,
				FC344BF5281519CF00244A3B /* User.swift in Sources */,
			);
			runOnlyForDeploymentPostprocessing = 0;
		};
/* End PBXSourcesBuildPhase section */

/* Begin PBXVariantGroup section */
		FC344BD9281508F400244A3B /* Main.storyboard */ = {
			isa = PBXVariantGroup;
			children = (
				FC344BDA281508F400244A3B /* Base */,
			);
			name = Main.storyboard;
			sourceTree = "<group>";
		};
		FC344BDE281508F600244A3B /* LaunchScreen.storyboard */ = {
			isa = PBXVariantGroup;
			children = (
				FC344BDF281508F600244A3B /* Base */,
			);
			name = LaunchScreen.storyboard;
			sourceTree = "<group>";
		};
/* End PBXVariantGroup section */

/* Begin XCBuildConfiguration section */
		FC344BE2281508F600244A3B /* Debug */ = {
			isa = XCBuildConfiguration;
			buildSettings = {
				ALWAYS_SEARCH_USER_PATHS = NO;
				CLANG_ANALYZER_NONNULL = YES;
				CLANG_ANALYZER_NUMBER_OBJECT_CONVERSION = YES_AGGRESSIVE;
				CLANG_CXX_LANGUAGE_STANDARD = "gnu++17";
				CLANG_ENABLE_MODULES = YES;
				CLANG_ENABLE_OBJC_ARC = YES;
				CLANG_ENABLE_OBJC_WEAK = YES;
				CLANG_WARN_BLOCK_CAPTURE_AUTORELEASING = YES;
				CLANG_WARN_BOOL_CONVERSION = YES;
				CLANG_WARN_COMMA = YES;
				CLANG_WARN_CONSTANT_CONVERSION = YES;
				CLANG_WARN_DEPRECATED_OBJC_IMPLEMENTATIONS = YES;
				CLANG_WARN_DIRECT_OBJC_ISA_USAGE = YES_ERROR;
				CLANG_WARN_DOCUMENTATION_COMMENTS = YES;
				CLANG_WARN_EMPTY_BODY = YES;
				CLANG_WARN_ENUM_CONVERSION = YES;
				CLANG_WARN_INFINITE_RECURSION = YES;
				CLANG_WARN_INT_CONVERSION = YES;
				CLANG_WARN_NON_LITERAL_NULL_CONVERSION = YES;
				CLANG_WARN_OBJC_IMPLICIT_RETAIN_SELF = YES;
				CLANG_WARN_OBJC_LITERAL_CONVERSION = YES;
				CLANG_WARN_OBJC_ROOT_CLASS = YES_ERROR;
				CLANG_WARN_QUOTED_INCLUDE_IN_FRAMEWORK_HEADER = YES;
				CLANG_WARN_RANGE_LOOP_ANALYSIS = YES;
				CLANG_WARN_STRICT_PROTOTYPES = YES;
				CLANG_WARN_SUSPICIOUS_MOVE = YES;
				CLANG_WARN_UNGUARDED_AVAILABILITY = YES_AGGRESSIVE;
				CLANG_WARN_UNREACHABLE_CODE = YES;
				CLANG_WARN__DUPLICATE_METHOD_MATCH = YES;
				COPY_PHASE_STRIP = NO;
				DEBUG_INFORMATION_FORMAT = dwarf;
				ENABLE_STRICT_OBJC_MSGSEND = YES;
				ENABLE_TESTABILITY = YES;
				GCC_C_LANGUAGE_STANDARD = gnu11;
				GCC_DYNAMIC_NO_PIC = NO;
				GCC_NO_COMMON_BLOCKS = YES;
				GCC_OPTIMIZATION_LEVEL = 0;
				GCC_PREPROCESSOR_DEFINITIONS = (
					"DEBUG=1",
					"$(inherited)",
				);
				GCC_WARN_64_TO_32_BIT_CONVERSION = YES;
				GCC_WARN_ABOUT_RETURN_TYPE = YES_ERROR;
				GCC_WARN_UNDECLARED_SELECTOR = YES;
				GCC_WARN_UNINITIALIZED_AUTOS = YES_AGGRESSIVE;
				GCC_WARN_UNUSED_FUNCTION = YES;
				GCC_WARN_UNUSED_VARIABLE = YES;
				IPHONEOS_DEPLOYMENT_TARGET = 15.4;
				MTL_ENABLE_DEBUG_INFO = INCLUDE_SOURCE;
				MTL_FAST_MATH = YES;
				ONLY_ACTIVE_ARCH = YES;
				SDKROOT = iphoneos;
				SWIFT_ACTIVE_COMPILATION_CONDITIONS = DEBUG;
				SWIFT_OPTIMIZATION_LEVEL = "-Onone";
			};
			name = Debug;
		};
		FC344BE3281508F600244A3B /* Release */ = {
			isa = XCBuildConfiguration;
			buildSettings = {
				ALWAYS_SEARCH_USER_PATHS = NO;
				CLANG_ANALYZER_NONNULL = YES;
				CLANG_ANALYZER_NUMBER_OBJECT_CONVERSION = YES_AGGRESSIVE;
				CLANG_CXX_LANGUAGE_STANDARD = "gnu++17";
				CLANG_ENABLE_MODULES = YES;
				CLANG_ENABLE_OBJC_ARC = YES;
				CLANG_ENABLE_OBJC_WEAK = YES;
				CLANG_WARN_BLOCK_CAPTURE_AUTORELEASING = YES;
				CLANG_WARN_BOOL_CONVERSION = YES;
				CLANG_WARN_COMMA = YES;
				CLANG_WARN_CONSTANT_CONVERSION = YES;
				CLANG_WARN_DEPRECATED_OBJC_IMPLEMENTATIONS = YES;
				CLANG_WARN_DIRECT_OBJC_ISA_USAGE = YES_ERROR;
				CLANG_WARN_DOCUMENTATION_COMMENTS = YES;
				CLANG_WARN_EMPTY_BODY = YES;
				CLANG_WARN_ENUM_CONVERSION = YES;
				CLANG_WARN_INFINITE_RECURSION = YES;
				CLANG_WARN_INT_CONVERSION = YES;
				CLANG_WARN_NON_LITERAL_NULL_CONVERSION = YES;
				CLANG_WARN_OBJC_IMPLICIT_RETAIN_SELF = YES;
				CLANG_WARN_OBJC_LITERAL_CONVERSION = YES;
				CLANG_WARN_OBJC_ROOT_CLASS = YES_ERROR;
				CLANG_WARN_QUOTED_INCLUDE_IN_FRAMEWORK_HEADER = YES;
				CLANG_WARN_RANGE_LOOP_ANALYSIS = YES;
				CLANG_WARN_STRICT_PROTOTYPES = YES;
				CLANG_WARN_SUSPICIOUS_MOVE = YES;
				CLANG_WARN_UNGUARDED_AVAILABILITY = YES_AGGRESSIVE;
				CLANG_WARN_UNREACHABLE_CODE = YES;
				CLANG_WARN__DUPLICATE_METHOD_MATCH = YES;
				COPY_PHASE_STRIP = NO;
				DEBUG_INFORMATION_FORMAT = "dwarf-with-dsym";
				ENABLE_NS_ASSERTIONS = NO;
				ENABLE_STRICT_OBJC_MSGSEND = YES;
				GCC_C_LANGUAGE_STANDARD = gnu11;
				GCC_NO_COMMON_BLOCKS = YES;
				GCC_WARN_64_TO_32_BIT_CONVERSION = YES;
				GCC_WARN_ABOUT_RETURN_TYPE = YES_ERROR;
				GCC_WARN_UNDECLARED_SELECTOR = YES;
				GCC_WARN_UNINITIALIZED_AUTOS = YES_AGGRESSIVE;
				GCC_WARN_UNUSED_FUNCTION = YES;
				GCC_WARN_UNUSED_VARIABLE = YES;
				IPHONEOS_DEPLOYMENT_TARGET = 15.4;
				MTL_ENABLE_DEBUG_INFO = NO;
				MTL_FAST_MATH = YES;
				SDKROOT = iphoneos;
				SWIFT_COMPILATION_MODE = wholemodule;
				SWIFT_OPTIMIZATION_LEVEL = "-O";
				VALIDATE_PRODUCT = YES;
			};
			name = Release;
		};
		FC344BE5281508F600244A3B /* Debug */ = {
			isa = XCBuildConfiguration;
			baseConfigurationReference = 0FFA20A71710EF08B3D3F3A5 /* Pods-TatvasoftPracticalTest.debug.xcconfig */;
			buildSettings = {
				ASSETCATALOG_COMPILER_APPICON_NAME = AppIcon;
				ASSETCATALOG_COMPILER_GLOBAL_ACCENT_COLOR_NAME = AccentColor;
				CODE_SIGN_STYLE = Automatic;
				CURRENT_PROJECT_VERSION = 1;
				DEVELOPMENT_TEAM = 9C4ZM4L7Y7;
				GENERATE_INFOPLIST_FILE = YES;
				INFOPLIST_FILE = TatvasoftPracticalTest/Info.plist;
				INFOPLIST_KEY_UIApplicationSupportsIndirectInputEvents = YES;
				INFOPLIST_KEY_UILaunchStoryboardName = LaunchScreen;
				INFOPLIST_KEY_UIMainStoryboardFile = Main;
				INFOPLIST_KEY_UISupportedInterfaceOrientations_iPad = "UIInterfaceOrientationPortrait UIInterfaceOrientationPortraitUpsideDown UIInterfaceOrientationLandscapeLeft UIInterfaceOrientationLandscapeRight";
				INFOPLIST_KEY_UISupportedInterfaceOrientations_iPhone = "UIInterfaceOrientationPortrait UIInterfaceOrientationLandscapeLeft UIInterfaceOrientationLandscapeRight";
				LD_RUNPATH_SEARCH_PATHS = (
					"$(inherited)",
					"@executable_path/Frameworks",
				);
				MARKETING_VERSION = 1.0;
				PRODUCT_BUNDLE_IDENTIFIER = com.rajpurohitDhruv.TatvasoftPracticalTest;
				PRODUCT_NAME = "$(TARGET_NAME)";
				SWIFT_EMIT_LOC_STRINGS = YES;
				SWIFT_VERSION = 5.0;
				TARGETED_DEVICE_FAMILY = "1,2";
			};
			name = Debug;
		};
		FC344BE6281508F600244A3B /* Release */ = {
			isa = XCBuildConfiguration;
			baseConfigurationReference = 1E24702F4FE44315544F55BA /* Pods-TatvasoftPracticalTest.release.xcconfig */;
			buildSettings = {
				ASSETCATALOG_COMPILER_APPICON_NAME = AppIcon;
				ASSETCATALOG_COMPILER_GLOBAL_ACCENT_COLOR_NAME = AccentColor;
				CODE_SIGN_STYLE = Automatic;
				CURRENT_PROJECT_VERSION = 1;
				DEVELOPMENT_TEAM = 9C4ZM4L7Y7;
				GENERATE_INFOPLIST_FILE = YES;
				INFOPLIST_FILE = TatvasoftPracticalTest/Info.plist;
				INFOPLIST_KEY_UIApplicationSupportsIndirectInputEvents = YES;
				INFOPLIST_KEY_UILaunchStoryboardName = LaunchScreen;
				INFOPLIST_KEY_UIMainStoryboardFile = Main;
				INFOPLIST_KEY_UISupportedInterfaceOrientations_iPad = "UIInterfaceOrientationPortrait UIInterfaceOrientationPortraitUpsideDown UIInterfaceOrientationLandscapeLeft UIInterfaceOrientationLandscapeRight";
				INFOPLIST_KEY_UISupportedInterfaceOrientations_iPhone = "UIInterfaceOrientationPortrait UIInterfaceOrientationLandscapeLeft UIInterfaceOrientationLandscapeRight";
				LD_RUNPATH_SEARCH_PATHS = (
					"$(inherited)",
					"@executable_path/Frameworks",
				);
				MARKETING_VERSION = 1.0;
				PRODUCT_BUNDLE_IDENTIFIER = com.rajpurohitDhruv.TatvasoftPracticalTest;
				PRODUCT_NAME = "$(TARGET_NAME)";
				SWIFT_EMIT_LOC_STRINGS = YES;
				SWIFT_VERSION = 5.0;
				TARGETED_DEVICE_FAMILY = "1,2";
			};
			name = Release;
		};
/* End XCBuildConfiguration section */

/* Begin XCConfigurationList section */
		FC344BCB281508F400244A3B /* Build configuration list for PBXProject "TatvasoftPracticalTest" */ = {
			isa = XCConfigurationList;
			buildConfigurations = (
				FC344BE2281508F600244A3B /* Debug */,
				FC344BE3281508F600244A3B /* Release */,
			);
			defaultConfigurationIsVisible = 0;
			defaultConfigurationName = Release;
		};
		FC344BE4281508F600244A3B /* Build configuration list for PBXNativeTarget "TatvasoftPracticalTest" */ = {
			isa = XCConfigurationList;
			buildConfigurations = (
				FC344BE5281508F600244A3B /* Debug */,
				FC344BE6281508F600244A3B /* Release */,
			);
			defaultConfigurationIsVisible = 0;
			defaultConfigurationName = Release;
		};
/* End XCConfigurationList section */
	};
	rootObject = FC344BC8281508F400244A3B /* Project object */;
}
